
Microsoft Visual Studio Solution File, Format Version 12.00
# Visual Studio 15
VisualStudioVersion = 15.0.28307.106
MinimumVisualStudioVersion = 10.0.40219.1
Project("{FAE04EC0-301F-11D3-BF4B-00C04F79EFBC}") = "BulkSMS.MarCom", "BulkSMS.MarCom\BulkSMS.MarCom.csproj", "{798DC0F0-9C3A-4906-A677-84F2382CFC9A}"
EndProject
Global
	GlobalSection(SolutionConfigurationPlatforms) = preSolution
		Debug|Any CPU = Debug|Any CPU
		Release|Any CPU = Release|Any CPU
	EndGlobalSection
	GlobalSection(ProjectConfigurationPlatforms) = postSolution
		{798DC0F0-9C3A-4906-A677-84F2382CFC9A}.Debug|Any CPU.ActiveCfg = Debug|Any CPU
		{798DC0F0-9C3A-4906-A677-84F2382CFC9A}.Debug|Any CPU.Build.0 = Debug|Any CPU
		{798DC0F0-9C3A-4906-A677-84F2382CFC9A}.Release|Any CPU.ActiveCfg = Release|Any CPU
		{798DC0F0-9C3A-4906-A677-84F2382CFC9A}.Release|Any CPU.Build.0 = Release|Any CPU
	EndGlobalSection
	GlobalSection(SolutionProperties) = preSolution
		HideSolutionNode = FALSE
	EndGlobalSection
	GlobalSection(ExtensibilityGlobals) = postSolution
		SolutionGuid = {BFBC0811-0C6F-488A-887A-F617BC7E860C}
	EndGlobalSection
EndGlobal
